
Microsoft Visual Studio Solution File, Format Version 12.00
# Visual Studio Version 17
VisualStudioVersion = 17.2.32630.192
MinimumVisualStudioVersion = 10.0.40219.1
Project("{FAE04EC0-301F-11D3-BF4B-00C04F79EFBC}") = "DataBaseNet", "DataBaseNet\DataBaseNet.csproj", "{3E108D50-21A3-4117-962F-BB009FB3E5DC}"
EndProject
Global
	GlobalSection(SolutionConfigurationPlatforms) = preSolution
		Debug|Any CPU = Debug|Any CPU
		Release|Any CPU = Release|Any CPU
	EndGlobalSection
	GlobalSection(ProjectConfigurationPlatforms) = postSolution
		{3E108D50-21A3-4117-962F-BB009FB3E5DC}.Debug|Any CPU.ActiveCfg = Debug|Any CPU
		{3E108D50-21A3-4117-962F-BB009FB3E5DC}.Debug|Any CPU.Build.0 = Debug|Any CPU
		{3E108D50-21A3-4117-962F-BB009FB3E5DC}.Release|Any CPU.ActiveCfg = Release|Any CPU
		{3E108D50-21A3-4117-962F-BB009FB3E5DC}.Release|Any CPU.Build.0 = Release|Any CPU
	EndGlobalSection
	GlobalSection(SolutionProperties) = preSolution
		HideSolutionNode = FALSE
	EndGlobalSection
	GlobalSection(ExtensibilityGlobals) = postSolution
		SolutionGuid = {FD2ACCB1-D8B9-4892-84AB-62D287EC9966}
	EndGlobalSection
EndGlobal
